hash: 608fb4652edc04bc801db19037e7d196bbe6605ddf614760aee4789c9566c6c8
updated: 2018-03-20T16:27:14.549819604+08:00
imports:
- name: github.com/armon/go-radix
  version: 1fca145dffbcaa8fe914309b1ec0cfc67500fe61
- name: github.com/aws/aws-sdk-go
  version: f0872da8a448f8cb10f4f0c95c2100e4f7356448
- name: github.com/codegangsta/cli
  version: 75104e932ac2ddb944a6ea19d9f9f26316ff1145
- name: github.com/dgrijalva/jwt-go
  version: dbeaa9332f19a944acb5736b4456cfcc02140e29
- name: github.com/dlclark/regexp2
  version: 487489b64fb796de2e55f4e8a4ad1e145f80e957
- name: github.com/dop251/goja
  version: eab79f83e840f5294250a3988a8037c476c9cdae
- name: github.com/dop251/goja_nodejs
  version: adff31b136e6b7e044712aab7236a775e1bd085e
  subpackages:
  - eventloop
- name: github.com/elazarl/go-bindata-assetfs
  version: 30f82fa23fd844bd5bb1e5f216db87fd77b5eb43
- name: github.com/fatih/structs
  version: 253b866009f3c281655a29eb8a31bcd759a0dbdb
- name: github.com/go-playground/universal-translator
  version: b32fa301c9fe55953584134cb6853a13c87ec0a1
- name: github.com/go-redis/redis
  version: 8b4fa6d443e35ca8b1c37be877285252430b06a3
- name: github.com/itsjamie/go-bindata-templates
  version: 78f87e838df0fb89dbcd26e1489f988cd7bc3bb8
- name: github.com/jteeuwen/go-bindata
  version: a0ff2567cfb70903282db057e799fd826784d41d
- name: github.com/labstack/echo
  version: b6040409eeceaac178c95fe73498b5f992e6b668
  subpackages:
  - middleware
- name: github.com/mailru/easyjson
  version: f594efddfa171111dc4349cd6e78e8f61dc7936f
- name: github.com/mitchellh/hashstructure
  version: 2bca23e0e452137f789efbc8610126fd8b94f73b
- name: github.com/nu7hatch/gouuid
  version: 179d4d0c4d8d407a32af483c2354df1d2c91e6c3
- name: github.com/olebedev/config
  version: 9a10d05a33a8b9e828f20491e21e8927dec35f72
- name: github.com/olebedev/gojax
  version: bb153be84336f26925890502929cc363477df7ad
  subpackages:
  - fetch
- name: github.com/olebedev/on
  version: f65b7c9823a4c30797e9ad3c51d559a36ff8d542
- name: github.com/PuerkitoBio/goquery
  version: 09540e565986583836b5fc792fe951ec5fd201dd
- name: github.com/technoweenie/multipartstreamer
  version: a90a01d73ae432e2611d178c18367fbaa13e0154
- name: github.com/tucnak/telebot
  version: 24146200389c0856503e7f9a40d21170e55692a2
- name: gopkg.in/go-playground/assert.v1
  version: 4f4dfbc7d1c48336cf93399deae81aa9067e88af
- name: gopkg.in/go-playground/validator.v9
  version: 3620d3c0694119b61c72071ff5a05a976e97b05a
- name: gopkg.in/olivere/elastic.v5
  version: 1094ee281ca61a783c9ba22bf86e7e0a8aa2d112
- name: gopkg.in/tucnak/telebot.v2
  version: 00cebf376d79ee4363a11cd66fbbdf565452e0ab
testImports: []
